
Microsoft Visual Studio Solution File, Format Version 12.00
# Visual Studio 14
VisualStudioVersion = 14.0.25420.1
MinimumVisualStudioVersion = 10.0.40219.1
Project("{FAE04EC0-301F-11D3-BF4B-00C04F79EFBC}") = "TransportApp.DAL", "TransportApp.DAL\TransportApp.DAL.csproj", "{66C30FC8-5B22-470A-9E57-8457DAF223EF}"
EndProject
Project("{FAE04EC0-301F-11D3-BF4B-00C04F79EFBC}") = "TransportApp.BLL", "TransportApp.BLL\TransportApp.BLL.csproj", "{D37BEA8D-F705-4DE2-AC60-933CD2E0741D}"
EndProject
Project("{FAE04EC0-301F-11D3-BF4B-00C04F79EFBC}") = "TransportApp.WEB", "TransportApp.WEB\TransportApp.WEB.csproj", "{2174FFD5-841E-40D8-9AB4-1321616D95C5}"
EndProject
Project("{2150E333-8FDC-42A3-9474-1A3956D46DE8}") = "Tests", "Tests", "{2C96769D-BFB9-48A4-A367-3C180844173B}"
EndProject
Project("{FAE04EC0-301F-11D3-BF4B-00C04F79EFBC}") = "TransportApp.DAL.UnitTest", "TransportApp.DAL.UnitTest\TransportApp.DAL.UnitTest.csproj", "{42CE7F26-5A8F-41F8-B4A6-1718DBAB9048}"
EndProject
Global
	GlobalSection(SolutionConfigurationPlatforms) = preSolution
		Debug|Any CPU = Debug|Any CPU
		Release|Any CPU = Release|Any CPU
	EndGlobalSection
	GlobalSection(ProjectConfigurationPlatforms) = postSolution
		{66C30FC8-5B22-470A-9E57-8457DAF223EF}.Debug|Any CPU.ActiveCfg = Debug|Any CPU
		{66C30FC8-5B22-470A-9E57-8457DAF223EF}.Debug|Any CPU.Build.0 = Debug|Any CPU
		{66C30FC8-5B22-470A-9E57-8457DAF223EF}.Release|Any CPU.ActiveCfg = Release|Any CPU
		{66C30FC8-5B22-470A-9E57-8457DAF223EF}.Release|Any CPU.Build.0 = Release|Any CPU
		{D37BEA8D-F705-4DE2-AC60-933CD2E0741D}.Debug|Any CPU.ActiveCfg = Debug|Any CPU
		{D37BEA8D-F705-4DE2-AC60-933CD2E0741D}.Debug|Any CPU.Build.0 = Debug|Any CPU
		{D37BEA8D-F705-4DE2-AC60-933CD2E0741D}.Release|Any CPU.ActiveCfg = Release|Any CPU
		{D37BEA8D-F705-4DE2-AC60-933CD2E0741D}.Release|Any CPU.Build.0 = Release|Any CPU
		{2174FFD5-841E-40D8-9AB4-1321616D95C5}.Debug|Any CPU.ActiveCfg = Debug|Any CPU
		{2174FFD5-841E-40D8-9AB4-1321616D95C5}.Debug|Any CPU.Build.0 = Debug|Any CPU
		{2174FFD5-841E-40D8-9AB4-1321616D95C5}.Release|Any CPU.ActiveCfg = Release|Any CPU
		{2174FFD5-841E-40D8-9AB4-1321616D95C5}.Release|Any CPU.Build.0 = Release|Any CPU
		{42CE7F26-5A8F-41F8-B4A6-1718DBAB9048}.Debug|Any CPU.ActiveCfg = Debug|Any CPU
		{42CE7F26-5A8F-41F8-B4A6-1718DBAB9048}.Debug|Any CPU.Build.0 = Debug|Any CPU
		{42CE7F26-5A8F-41F8-B4A6-1718DBAB9048}.Release|Any CPU.ActiveCfg = Release|Any CPU
		{42CE7F26-5A8F-41F8-B4A6-1718DBAB9048}.Release|Any CPU.Build.0 = Release|Any CPU
	EndGlobalSection
	GlobalSection(SolutionProperties) = preSolution
		HideSolutionNode = FALSE
	EndGlobalSection
	GlobalSection(NestedProjects) = preSolution
		{42CE7F26-5A8F-41F8-B4A6-1718DBAB9048} = {2C96769D-BFB9-48A4-A367-3C180844173B}
	EndGlobalSection
EndGlobal
